
Microsoft Visual Studio Solution File, Format Version 12.00
# Visual Studio Version 17
VisualStudioVersion = 17.11.35303.130
MinimumVisualStudioVersion = 10.0.40219.1
Project("{2150E333-8FDC-42A3-9474-1A3956D46DE8}") = "Task0", "Task0", "{A445CEB4-7952-4D15-A7A6-A129BAAC451D}"
EndProject
Project("{9A19103F-16F7-4668-BE54-9A1E7A4F7556}") = "Tyuiu.SimonovMA.Sprint6.Task0.V17.Lib", "Tyuiu.SimonovMA.Sprint6.Task0.V17.Lib\Tyuiu.SimonovMA.Sprint6.Task0.V17.Lib.csproj", "{EFFF884F-FC69-4C1A-839A-71066A251370}"
EndProject
Project("{9A19103F-16F7-4668-BE54-9A1E7A4F7556}") = "Tyuiu.SimonovMA.Sprint6.Task0.V17.Test", "Tyuiu.SimonovMA.Sprint6.Task0.V17.Test\Tyuiu.SimonovMA.Sprint6.Task0.V17.Test.csproj", "{730A644B-F492-4128-9142-6C6AA09D6DB5}"
EndProject
Project("{9A19103F-16F7-4668-BE54-9A1E7A4F7556}") = "Tyuiu.SimonovMA.Sprint6.Task0.V17", "Tyuiu.SimonovMA.Sprint6.Task0.V17\Tyuiu.SimonovMA.Sprint6.Task0.V17.csproj", "{73E3A735-F3B9-40C0-9B30-BD7202898B3B}"
EndProject
Project("{2150E333-8FDC-42A3-9474-1A3956D46DE8}") = "Task1", "Task1", "{2DFB8F3C-5CE7-44E2-8A96-0A7B1A4EEF77}"
EndProject
Project("{9A19103F-16F7-4668-BE54-9A1E7A4F7556}") = "Tyuiu.SimonovMA.Sprint6.Task1.V23", "Tyuiu.SimonovMA.Sprint6.Task1.V23\Tyuiu.SimonovMA.Sprint6.Task1.V23.csproj", "{3322E7ED-6FB4-4088-AC0E-F5CBA78986A3}"
EndProject
Project("{9A19103F-16F7-4668-BE54-9A1E7A4F7556}") = "Tyuiu.SimonovMA.Sprint6.Task1.V23.Lib", "Tyuiu.SimonovMA.Sprint6.Task1.V23.Lib\Tyuiu.SimonovMA.Sprint6.Task1.V23.Lib.csproj", "{3A27FC2E-5B10-48F6-A010-82873D0A9965}"
EndProject
Project("{9A19103F-16F7-4668-BE54-9A1E7A4F7556}") = "Tyuiu.SimonovMA.Sprint6.Task1.V23.Test", "Tyuiu.SimonovMA.Sprint6.Task1.V23.Test\Tyuiu.SimonovMA.Sprint6.Task1.V23.Test.csproj", "{0138FC21-3B82-4844-9EA8-28205C4D050C}"
EndProject
Project("{2150E333-8FDC-42A3-9474-1A3956D46DE8}") = "Task2", "Task2", "{CA81A6B2-2F52-42AD-9252-9B7BAE84F267}"
EndProject
Project("{9A19103F-16F7-4668-BE54-9A1E7A4F7556}") = "Tyuiu.SimonovMA.Sprint6.Task2.V29", "Tyuiu.SimonovMA.Sprint6.Task2.V29\Tyuiu.SimonovMA.Sprint6.Task2.V29.csproj", "{6E4E6BDE-B9DC-4EB2-979A-A67F1BAFDF88}"
EndProject
Project("{9A19103F-16F7-4668-BE54-9A1E7A4F7556}") = "Tyuiu.SimonovMA.Sprint6.Task2.V29.Lib", "Tyuiu.SimonovMA.Sprint6.Task2.V29.Lib\Tyuiu.SimonovMA.Sprint6.Task2.V29.Lib.csproj", "{7E7691CA-858B-4772-B128-1DEED1E23CDD}"
EndProject
Project("{9A19103F-16F7-4668-BE54-9A1E7A4F7556}") = "Tyuiu.SimonovMA.Sprint6.Task2.V29.Test", "Tyuiu.SimonovMA.Sprint6.Task2.V29.Test\Tyuiu.SimonovMA.Sprint6.Task2.V29.Test.csproj", "{15F5F461-59D1-44D1-9ABB-9D1461CB03DE}"
EndProject
Project("{2150E333-8FDC-42A3-9474-1A3956D46DE8}") = "Task3", "Task3", "{B3EC6D82-EBAE-4F0C-B921-BA016C3F9876}"
EndProject
Project("{9A19103F-16F7-4668-BE54-9A1E7A4F7556}") = "Tyuiu.SimonovMA.Sprint6.Task3.V18", "Tyuiu.SimonovMA.Sprint6.Task3.V18\Tyuiu.SimonovMA.Sprint6.Task3.V18.csproj", "{4B64CF36-DD27-431B-A455-30A71FC9F719}"
EndProject
Project("{9A19103F-16F7-4668-BE54-9A1E7A4F7556}") = "Tyuiu.SimonovMA.Sprint6.Task3.V18.Lib", "Tyuiu.SimonovMA.Sprint6.Task3.V18.Lib\Tyuiu.SimonovMA.Sprint6.Task3.V18.Lib.csproj", "{88EB356C-3D70-4441-AA4E-6E95DD776406}"
EndProject
Project("{9A19103F-16F7-4668-BE54-9A1E7A4F7556}") = "Tyuiu.SimonovMA.Sprint6.Task3.V18.Test", "Tyuiu.SimonovMA.Sprint6.Task3.V18.Test\Tyuiu.SimonovMA.Sprint6.Task3.V18.Test.csproj", "{3BC2EED4-66C9-4F48-937C-23E4FD51D43E}"
EndProject
Project("{2150E333-8FDC-42A3-9474-1A3956D46DE8}") = "Task4", "Task4", "{DF77F45A-74FC-4D5C-A14B-731BA2E7E5F5}"
EndProject
Project("{9A19103F-16F7-4668-BE54-9A1E7A4F7556}") = "Tyuiu.SimonovMA.Sprint6.Task4.V3", "Tyuiu.SimonovMA.Sprint6.Task4.V3\Tyuiu.SimonovMA.Sprint6.Task4.V3.csproj", "{DBE5B432-6086-4E36-9D62-C0BC5CFC2DE8}"
EndProject
Project("{9A19103F-16F7-4668-BE54-9A1E7A4F7556}") = "Tyuiu.SimonovMA.Sprint6.Task4.V3.Lib", "Tyuiu.SimonovMA.Sprint6.Task4.V3.Lib\Tyuiu.SimonovMA.Sprint6.Task4.V3.Lib.csproj", "{9FE93BF3-4644-444E-B950-D737199611A3}"
EndProject
Project("{9A19103F-16F7-4668-BE54-9A1E7A4F7556}") = "Tyuiu.SimonovMA.Sprint6.Task4.V3.Test", "Tyuiu.SimonovMA.Sprint6.Task4.V3.Test\Tyuiu.SimonovMA.Sprint6.Task4.V3.Test.csproj", "{AFE2FCF9-3AAC-4F39-8D7D-3DBF9A6E3BE9}"
EndProject
Project("{2150E333-8FDC-42A3-9474-1A3956D46DE8}") = "Task5", "Task5", "{F2FB95D9-E50F-43A8-890B-8D48F58B9AAA}"
EndProject
Project("{FAE04EC0-301F-11D3-BF4B-00C04F79EFBC}") = "Tyuiu.SimonovMA.Sprint6.Task5.V17.Lib", "Tyuiu.SimonovMA.Sprint6.Task5.V17.Lib\Tyuiu.SimonovMA.Sprint6.Task5.V17.Lib.csproj", "{963EB0B5-EEDE-482B-8581-0C9B02F96DCD}"
EndProject
Project("{FAE04EC0-301F-11D3-BF4B-00C04F79EFBC}") = "Tyuiu.SimonovMA.Sprint6.Task5.V17.Test", "Tyuiu.SimonovMA.Sprint6.Task5.V17.Test\Tyuiu.SimonovMA.Sprint6.Task5.V17.Test.csproj", "{FA5F4236-C35A-4809-B58D-9EEF5DEA2D8E}"
EndProject
Project("{FAE04EC0-301F-11D3-BF4B-00C04F79EFBC}") = "Tyuiu.SimonovMA.Sprint6.Task5.V17", "Tyuiu.SimonovMA.Sprint6.Task5.V17\Tyuiu.SimonovMA.Sprint6.Task5.V17.csproj", "{50FF7437-73F3-46C2-BF1D-1FEF50023D9E}"
EndProject
Global
	GlobalSection(SolutionConfigurationPlatforms) = preSolution
		Debug|Any CPU = Debug|Any CPU
		Release|Any CPU = Release|Any CPU
	EndGlobalSection
	GlobalSection(ProjectConfigurationPlatforms) = postSolution
		{EFFF884F-FC69-4C1A-839A-71066A251370}.Debug|Any CPU.ActiveCfg = Debug|Any CPU
		{EFFF884F-FC69-4C1A-839A-71066A251370}.Debug|Any CPU.Build.0 = Debug|Any CPU
		{EFFF884F-FC69-4C1A-839A-71066A251370}.Release|Any CPU.ActiveCfg = Release|Any CPU
		{EFFF884F-FC69-4C1A-839A-71066A251370}.Release|Any CPU.Build.0 = Release|Any CPU
		{730A644B-F492-4128-9142-6C6AA09D6DB5}.Debug|Any CPU.ActiveCfg = Debug|Any CPU
		{730A644B-F492-4128-9142-6C6AA09D6DB5}.Debug|Any CPU.Build.0 = Debug|Any CPU
		{730A644B-F492-4128-9142-6C6AA09D6DB5}.Release|Any CPU.ActiveCfg = Release|Any CPU
		{730A644B-F492-4128-9142-6C6AA09D6DB5}.Release|Any CPU.Build.0 = Release|Any CPU
		{73E3A735-F3B9-40C0-9B30-BD7202898B3B}.Debug|Any CPU.ActiveCfg = Debug|Any CPU
		{73E3A735-F3B9-40C0-9B30-BD7202898B3B}.Debug|Any CPU.Build.0 = Debug|Any CPU
		{73E3A735-F3B9-40C0-9B30-BD7202898B3B}.Release|Any CPU.ActiveCfg = Release|Any CPU
		{73E3A735-F3B9-40C0-9B30-BD7202898B3B}.Release|Any CPU.Build.0 = Release|Any CPU
		{3322E7ED-6FB4-4088-AC0E-F5CBA78986A3}.Debug|Any CPU.ActiveCfg = Debug|Any CPU
		{3322E7ED-6FB4-4088-AC0E-F5CBA78986A3}.Debug|Any CPU.Build.0 = Debug|Any CPU
		{3322E7ED-6FB4-4088-AC0E-F5CBA78986A3}.Release|Any CPU.ActiveCfg = Release|Any CPU
		{3322E7ED-6FB4-4088-AC0E-F5CBA78986A3}.Release|Any CPU.Build.0 = Release|Any CPU
		{3A27FC2E-5B10-48F6-A010-82873D0A9965}.Debug|Any CPU.ActiveCfg = Debug|Any CPU
		{3A27FC2E-5B10-48F6-A010-82873D0A9965}.Debug|Any CPU.Build.0 = Debug|Any CPU
		{3A27FC2E-5B10-48F6-A010-82873D0A9965}.Release|Any CPU.ActiveCfg = Release|Any CPU
		{3A27FC2E-5B10-48F6-A010-82873D0A9965}.Release|Any CPU.Build.0 = Release|Any CPU
		{0138FC21-3B82-4844-9EA8-28205C4D050C}.Debug|Any CPU.ActiveCfg = Debug|Any CPU
		{0138FC21-3B82-4844-9EA8-28205C4D050C}.Debug|Any CPU.Build.0 = Debug|Any CPU
		{0138FC21-3B82-4844-9EA8-28205C4D050C}.Release|Any CPU.ActiveCfg = Release|Any CPU
		{0138FC21-3B82-4844-9EA8-28205C4D050C}.Release|Any CPU.Build.0 = Release|Any CPU
		{6E4E6BDE-B9DC-4EB2-979A-A67F1BAFDF88}.Debug|Any CPU.ActiveCfg = Debug|Any CPU
		{6E4E6BDE-B9DC-4EB2-979A-A67F1BAFDF88}.Debug|Any CPU.Build.0 = Debug|Any CPU
		{6E4E6BDE-B9DC-4EB2-979A-A67F1BAFDF88}.Release|Any CPU.ActiveCfg = Release|Any CPU
		{6E4E6BDE-B9DC-4EB2-979A-A67F1BAFDF88}.Release|Any CPU.Build.0 = Release|Any CPU
		{7E7691CA-858B-4772-B128-1DEED1E23CDD}.Debug|Any CPU.ActiveCfg = Debug|Any CPU
		{7E7691CA-858B-4772-B128-1DEED1E23CDD}.Debug|Any CPU.Build.0 = Debug|Any CPU
		{7E7691CA-858B-4772-B128-1DEED1E23CDD}.Release|Any CPU.ActiveCfg = Release|Any CPU
		{7E7691CA-858B-4772-B128-1DEED1E23CDD}.Release|Any CPU.Build.0 = Release|Any CPU
		{15F5F461-59D1-44D1-9ABB-9D1461CB03DE}.Debug|Any CPU.ActiveCfg = Debug|Any CPU
		{15F5F461-59D1-44D1-9ABB-9D1461CB03DE}.Debug|Any CPU.Build.0 = Debug|Any CPU
		{15F5F461-59D1-44D1-9ABB-9D1461CB03DE}.Release|Any CPU.ActiveCfg = Release|Any CPU
		{15F5F461-59D1-44D1-9ABB-9D1461CB03DE}.Release|Any CPU.Build.0 = Release|Any CPU
		{4B64CF36-DD27-431B-A455-30A71FC9F719}.Debug|Any CPU.ActiveCfg = Debug|Any CPU
		{4B64CF36-DD27-431B-A455-30A71FC9F719}.Debug|Any CPU.Build.0 = Debug|Any CPU
		{4B64CF36-DD27-431B-A455-30A71FC9F719}.Release|Any CPU.ActiveCfg = Release|Any CPU
		{4B64CF36-DD27-431B-A455-30A71FC9F719}.Release|Any CPU.Build.0 = Release|Any CPU
		{88EB356C-3D70-4441-AA4E-6E95DD776406}.Debug|Any CPU.ActiveCfg = Debug|Any CPU
		{88EB356C-3D70-4441-AA4E-6E95DD776406}.Debug|Any CPU.Build.0 = Debug|Any CPU
		{88EB356C-3D70-4441-AA4E-6E95DD776406}.Release|Any CPU.ActiveCfg = Release|Any CPU
		{88EB356C-3D70-4441-AA4E-6E95DD776406}.Release|Any CPU.Build.0 = Release|Any CPU
		{3BC2EED4-66C9-4F48-937C-23E4FD51D43E}.Debug|Any CPU.ActiveCfg = Debug|Any CPU
		{3BC2EED4-66C9-4F48-937C-23E4FD51D43E}.Debug|Any CPU.Build.0 = Debug|Any CPU
		{3BC2EED4-66C9-4F48-937C-23E4FD51D43E}.Release|Any CPU.ActiveCfg = Release|Any CPU
		{3BC2EED4-66C9-4F48-937C-23E4FD51D43E}.Release|Any CPU.Build.0 = Release|Any CPU
		{DBE5B432-6086-4E36-9D62-C0BC5CFC2DE8}.Debug|Any CPU.ActiveCfg = Debug|Any CPU
		{DBE5B432-6086-4E36-9D62-C0BC5CFC2DE8}.Debug|Any CPU.Build.0 = Debug|Any CPU
		{DBE5B432-6086-4E36-9D62-C0BC5CFC2DE8}.Release|Any CPU.ActiveCfg = Release|Any CPU
		{DBE5B432-6086-4E36-9D62-C0BC5CFC2DE8}.Release|Any CPU.Build.0 = Release|Any CPU
		{9FE93BF3-4644-444E-B950-D737199611A3}.Debug|Any CPU.ActiveCfg = Debug|Any CPU
		{9FE93BF3-4644-444E-B950-D737199611A3}.Debug|Any CPU.Build.0 = Debug|Any CPU
		{9FE93BF3-4644-444E-B950-D737199611A3}.Release|Any CPU.ActiveCfg = Release|Any CPU
		{9FE93BF3-4644-444E-B950-D737199611A3}.Release|Any CPU.Build.0 = Release|Any CPU
		{AFE2FCF9-3AAC-4F39-8D7D-3DBF9A6E3BE9}.Debug|Any CPU.ActiveCfg = Debug|Any CPU
		{AFE2FCF9-3AAC-4F39-8D7D-3DBF9A6E3BE9}.Debug|Any CPU.Build.0 = Debug|Any CPU
		{AFE2FCF9-3AAC-4F39-8D7D-3DBF9A6E3BE9}.Release|Any CPU.ActiveCfg = Release|Any CPU
		{AFE2FCF9-3AAC-4F39-8D7D-3DBF9A6E3BE9}.Release|Any CPU.Build.0 = Release|Any CPU
		{963EB0B5-EEDE-482B-8581-0C9B02F96DCD}.Debug|Any CPU.ActiveCfg = Debug|Any CPU
		{963EB0B5-EEDE-482B-8581-0C9B02F96DCD}.Debug|Any CPU.Build.0 = Debug|Any CPU
		{963EB0B5-EEDE-482B-8581-0C9B02F96DCD}.Release|Any CPU.ActiveCfg = Release|Any CPU
		{963EB0B5-EEDE-482B-8581-0C9B02F96DCD}.Release|Any CPU.Build.0 = Release|Any CPU
		{FA5F4236-C35A-4809-B58D-9EEF5DEA2D8E}.Debug|Any CPU.ActiveCfg = Debug|Any CPU
		{FA5F4236-C35A-4809-B58D-9EEF5DEA2D8E}.Debug|Any CPU.Build.0 = Debug|Any CPU
		{FA5F4236-C35A-4809-B58D-9EEF5DEA2D8E}.Release|Any CPU.ActiveCfg = Release|Any CPU
		{FA5F4236-C35A-4809-B58D-9EEF5DEA2D8E}.Release|Any CPU.Build.0 = Release|Any CPU
		{50FF7437-73F3-46C2-BF1D-1FEF50023D9E}.Debug|Any CPU.ActiveCfg = Debug|Any CPU
		{50FF7437-73F3-46C2-BF1D-1FEF50023D9E}.Debug|Any CPU.Build.0 = Debug|Any CPU
		{50FF7437-73F3-46C2-BF1D-1FEF50023D9E}.Release|Any CPU.ActiveCfg = Release|Any CPU
		{50FF7437-73F3-46C2-BF1D-1FEF50023D9E}.Release|Any CPU.Build.0 = Release|Any CPU
	EndGlobalSection
	GlobalSection(SolutionProperties) = preSolution
		HideSolutionNode = FALSE
	EndGlobalSection
	GlobalSection(NestedProjects) = preSolution
		{EFFF884F-FC69-4C1A-839A-71066A251370} = {A445CEB4-7952-4D15-A7A6-A129BAAC451D}
		{730A644B-F492-4128-9142-6C6AA09D6DB5} = {A445CEB4-7952-4D15-A7A6-A129BAAC451D}
		{73E3A735-F3B9-40C0-9B30-BD7202898B3B} = {A445CEB4-7952-4D15-A7A6-A129BAAC451D}
		{3322E7ED-6FB4-4088-AC0E-F5CBA78986A3} = {2DFB8F3C-5CE7-44E2-8A96-0A7B1A4EEF77}
		{3A27FC2E-5B10-48F6-A010-82873D0A9965} = {2DFB8F3C-5CE7-44E2-8A96-0A7B1A4EEF77}
		{0138FC21-3B82-4844-9EA8-28205C4D050C} = {2DFB8F3C-5CE7-44E2-8A96-0A7B1A4EEF77}
		{6E4E6BDE-B9DC-4EB2-979A-A67F1BAFDF88} = {CA81A6B2-2F52-42AD-9252-9B7BAE84F267}
		{7E7691CA-858B-4772-B128-1DEED1E23CDD} = {CA81A6B2-2F52-42AD-9252-9B7BAE84F267}
		{15F5F461-59D1-44D1-9ABB-9D1461CB03DE} = {CA81A6B2-2F52-42AD-9252-9B7BAE84F267}
		{4B64CF36-DD27-431B-A455-30A71FC9F719} = {B3EC6D82-EBAE-4F0C-B921-BA016C3F9876}
		{88EB356C-3D70-4441-AA4E-6E95DD776406} = {B3EC6D82-EBAE-4F0C-B921-BA016C3F9876}
		{3BC2EED4-66C9-4F48-937C-23E4FD51D43E} = {B3EC6D82-EBAE-4F0C-B921-BA016C3F9876}
		{DBE5B432-6086-4E36-9D62-C0BC5CFC2DE8} = {DF77F45A-74FC-4D5C-A14B-731BA2E7E5F5}
		{9FE93BF3-4644-444E-B950-D737199611A3} = {DF77F45A-74FC-4D5C-A14B-731BA2E7E5F5}
		{AFE2FCF9-3AAC-4F39-8D7D-3DBF9A6E3BE9} = {DF77F45A-74FC-4D5C-A14B-731BA2E7E5F5}
		{963EB0B5-EEDE-482B-8581-0C9B02F96DCD} = {F2FB95D9-E50F-43A8-890B-8D48F58B9AAA}
		{FA5F4236-C35A-4809-B58D-9EEF5DEA2D8E} = {F2FB95D9-E50F-43A8-890B-8D48F58B9AAA}
		{50FF7437-73F3-46C2-BF1D-1FEF50023D9E} = {F2FB95D9-E50F-43A8-890B-8D48F58B9AAA}
	EndGlobalSection
	GlobalSection(ExtensibilityGlobals) = postSolution
		SolutionGuid = {0C24F61B-652D-439B-BA5E-61778FC8BC9A}
	EndGlobalSection
EndGlobal
